{
  "requires": true,
  "lockfileVersion": 1,
  "dependencies": {
    "react-native-smart-barcode": {
      "version": "1.0.6",
      "resolved": "https://registry.npmjs.org/react-native-smart-barcode/-/react-native-smart-barcode-1.0.6.tgz",
      "integrity": "sha1-dBFYbGh+0ltq30VvlJs5aZxj214="
    }
  }
}
